
Microsoft Visual Studio Solution File, Format Version 12.00
# Visual Studio Version 17
VisualStudioVersion = 17.13.35825.156 d17.13
MinimumVisualStudioVersion = 10.0.40219.1
Project("{FAE04EC0-301F-11D3-BF4B-00C04F79EFBC}") = "CasinoAPI", "CasinoAPI.csproj", "{0BAA44E6-3E77-956D-6559-C2331793766F}"
EndProject
Global
	GlobalSection(SolutionConfigurationPlatforms) = preSolution
		Debug|Any CPU = Debug|Any CPU
		Release|Any CPU = Release|Any CPU
	EndGlobalSection
	GlobalSection(ProjectConfigurationPlatforms) = postSolution
		{0BAA44E6-3E77-956D-6559-C2331793766F}.Debug|Any CPU.ActiveCfg = Debug|Any CPU
		{0BAA44E6-3E77-956D-6559-C2331793766F}.Debug|Any CPU.Build.0 = Debug|Any CPU
		{0BAA44E6-3E77-956D-6559-C2331793766F}.Release|Any CPU.ActiveCfg = Release|Any CPU
		{0BAA44E6-3E77-956D-6559-C2331793766F}.Release|Any CPU.Build.0 = Release|Any CPU
	EndGlobalSection
	GlobalSection(SolutionProperties) = preSolution
		HideSolutionNode = FALSE
	EndGlobalSection
	GlobalSection(ExtensibilityGlobals) = postSolution
		SolutionGuid = {9C677640-F43E-43CC-A92A-96C1BD4B27D9}
	EndGlobalSection
EndGlobal
